// !$*UTF8*$!
{
	archiveVersion = 1;
	classes = {
	};
	objectVersion = 46;
	objects = {

/* Begin PBXBuildFile section */
		C0BBDB211F67EE1A0067235C /* AppDelegate.swift in Sources */ = {isa = PBXBuildFile; fileRef = C0BBDB201F67EE1A0067235C /* AppDelegate.swift */; };
		C0BBDB231F67EE1A0067235C /* MainVC.swift in Sources */ = {isa = PBXBuildFile; fileRef = C0BBDB221F67EE1A0067235C /* MainVC.swift */; };
		C0BBDB261F67EE1A0067235C /* Main.storyboard in Resources */ = {isa = PBXBuildFile; fileRef = C0BBDB241F67EE1A0067235C /* Main.storyboard */; };
		C0BBDB281F67EE1A0067235C /* Assets.xcassets in Resources */ = {isa = PBXBuildFile; fileRef = C0BBDB271F67EE1A0067235C /* Assets.xcassets */; };
		C0BBDB2B1F67EE1A0067235C /* LaunchScreen.storyboard in Resources */ = {isa = PBXBuildFile; fileRef = C0BBDB291F67EE1A0067235C /* LaunchScreen.storyboard */; };
/* End PBXBuildFile section */

/* Begin PBXFileReference section */
		C0BBDB1D1F67EE1A0067235C /* Party Rock App.app */ = {isa = PBXFileReference; explicitFileType = wrapper.application; includeInIndex = 0; path = "Party Rock App.app"; sourceTree = BUILT_PRODUCTS_DIR; };
		C0BBDB201F67EE1A0067235C /* AppDelegate.swift */ = {isa = PBXFileReference; lastKnownFileType = sourcecode.swift; path = AppDelegate.swift; sourceTree = "<group>"; };
		C0BBDB221F67EE1A0067235C /* MainVC.swift */ = {isa = PBXFileReference; lastKnownFileType = sourcecode.swift; path = MainVC.swift; sourceTree = "<group>"; };
		C0BBDB251F67EE1A0067235C /* Base */ = {isa = PBXFileReference; lastKnownFileType = file.storyboard; name = Base; path = Base.lproj/Main.storyboard; sourceTree = "<group>"; };
		C0BBDB271F67EE1A0067235C /* Assets.xcassets */ = {isa = PBXFileReference; lastKnownFileType = folder.assetcatalog; path = Assets.xcassets; sourceTree = "<group>"; };
		C0BBDB2A1F67EE1A0067235C /* Base */ = {isa = PBXFileReference; lastKnownFileType = file.storyboard; name = Base; path = Base.lproj/LaunchScreen.storyboard; sourceTree = "<group>"; };
		C0BBDB2C1F67EE1A0067235C /* Info.plist */ = {isa = PBXFileReference; lastKnownFileType = text.plist.xml; path = Info.plist; sourceTree = "<group>"; };
/* End PBXFileReference section */

/* Begin PBXFrameworksBuildPhase section */
		C0BBDB1A1F67EE1A0067235C /* Frameworks */ = {
			isa = PBXFrameworksBuildPhase;
			buildActionMask = 2147483647;
			files = (
			);
			runOnlyForDeploymentPostprocessing = 0;
		};
/* End PBXFrameworksBuildPhase section */

/* Begin PBXGroup section */
		C0BBDB141F67EE190067235C = {
			isa = PBXGroup;
			children = (
				C0BBDB1F1F67EE1A0067235C /* Party Rock App */,
				C0BBDB1E1F67EE1A0067235C /* Products */,
			);
			sourceTree = "<group>";
		};
		C0BBDB1E1F67EE1A0067235C /* Products */ = {
			isa = PBXGroup;
			children = (
				C0BBDB1D1F67EE1A0067235C /* Party Rock App.app */,
			);
			name = Products;
			sourceTree = "<group>";
		};
		C0BBDB1F1F67EE1A0067235C /* Party Rock App */ = {
			isa = PBXGroup;
			children = (
				C0BBDB201F67EE1A0067235C /* AppDelegate.swift */,
				C0BBDB221F67EE1A0067235C /* MainVC.swift */,
				C0BBDB241F67EE1A0067235C /* Main.storyboard */,
				C0BBDB271F67EE1A0067235C /* Assets.xcassets */,
				C0BBDB291F67EE1A0067235C /* LaunchScreen.storyboard */,
				C0BBDB2C1F67EE1A0067235C /* Info.plist */,
			);
			path = "Party Rock App";
			sourceTree = "<group>";
		};
/* End PBXGroup section */

/* Begin PBXNativeTarget section */
		C0BBDB1C1F67EE1A0067235C /* Party Rock App */ = {
			isa = PBXNativeTarget;
			buildConfigurationList = C0BBDB2F1F67EE1A0067235C /* Build configuration list for PBXNativeTarget "Party Rock App" */;
			buildPhases = (
				C0BBDB191F67EE1A0067235C /* Sources */,
				C0BBDB1A1F67EE1A0067235C /* Frameworks */,
				C0BBDB1B1F67EE1A0067235C /* Resources */,
			);
			buildRules = (
			);
			dependencies = (
			);
			name = "Party Rock App";
			productName = "Party Rock App";
			productReference = C0BBDB1D1F67EE1A0067235C /* Party Rock App.app */;
			productType = "com.apple.product-type.application";
		};
/* End PBXNativeTarget section */

/* Begin PBXProject section */
		C0BBDB151F67EE1A0067235C /* Project object */ = {
			isa = PBXProject;
			attributes = {
				LastSwiftUpdateCheck = 0810;
				LastUpgradeCheck = 0810;
				ORGANIZATIONNAME = TheEmeraldHunter;
				TargetAttributes = {
					C0BBDB1C1F67EE1A0067235C = {
						CreatedOnToolsVersion = 8.1;
						ProvisioningStyle = Automatic;
					};
				};
			};
			buildConfigurationList = C0BBDB181F67EE1A0067235C /* Build configuration list for PBXProject "Party Rock App" */;
			compatibilityVersion = "Xcode 3.2";
			developmentRegion = English;
			hasScannedForEncodings = 0;
			knownRegions = (
				en,
				Base,
			);
			mainGroup = C0BBDB141F67EE190067235C;
			productRefGroup = C0BBDB1E1F67EE1A0067235C /* Products */;
			projectDirPath = "";
			projectRoot = "";
			targets = (
				C0BBDB1C1F67EE1A0067235C /* Party Rock App */,
			);
		};
/* End PBXProject section */

/* Begin PBXResourcesBuildPhase section */
		C0BBDB1B1F67EE1A0067235C /* Resources */ = {
			isa = PBXResourcesBuildPhase;
			buildActionMask = 2147483647;
			files = (
				C0BBDB2B1F67EE1A0067235C /* LaunchScreen.storyboard in Resources */,
				C0BBDB281F67EE1A0067235C /* Assets.xcassets in Resources */,
				C0BBDB261F67EE1A0067235C /* Main.storyboard in Resources */,
			);
			runOnlyForDeploymentPostprocessing = 0;
		};
/* End PBXResourcesBuildPhase section */

/* Begin PBXSourcesBuildPhase section */
		C0BBDB191F67EE1A0067235C /* Sources */ = {
			isa = PBXSourcesBuildPhase;
			buildActionMask = 2147483647;
			files = (
				C0BBDB231F67EE1A0067235C /* MainVC.swift in Sources */,
				C0BBDB211F67EE1A0067235C /* AppDelegate.swift in Sources */,
			);
			runOnlyForDeploymentPostprocessing = 0;
		};
/* End PBXSourcesBuildPhase section */

/* Begin PBXVariantGroup section */
		C0BBDB241F67EE1A0067235C /* Main.storyboard */ = {
			isa = PBXVariantGroup;
			children = (
				C0BBDB251F67EE1A0067235C /* Base */,
			);
			name = Main.storyboard;
			sourceTree = "<group>";
		};
		C0BBDB291F67EE1A0067235C /* LaunchScreen.storyboard */ = {
			isa = PBXVariantGroup;
			children = (
				C0BBDB2A1F67EE1A0067235C /* Base */,
			);
			name = LaunchScreen.storyboard;
			sourceTree = "<group>";
		};
/* End PBXVariantGroup section */

/* Begin XCBuildConfiguration section */
		C0BBDB2D1F67EE1A0067235C /* Debug */ = {
			isa = XCBuildConfiguration;
			buildSettings = {
				ALWAYS_SEARCH_USER_PATHS = NO;
				CLANG_ANALYZER_NONNULL = YES;
				CLANG_CXX_LANGUAGE_STANDARD = "gnu++0x";
				CLANG_CXX_LIBRARY = "libc++";
				CLANG_ENABLE_MODULES = YES;
				CLANG_ENABLE_OBJC_ARC = YES;
				CLANG_WARN_BOOL_CONVERSION = YES;
				CLANG_WARN_CONSTANT_CONVERSION = YES;
				CLANG_WARN_DIRECT_OBJC_ISA_USAGE = YES_ERROR;
				CLANG_WARN_DOCUMENTATION_COMMENTS = YES;
				CLANG_WARN_EMPTY_BODY = YES;
				CLANG_WARN_ENUM_CONVERSION = YES;
				CLANG_WARN_INFINITE_RECURSION = YES;
				CLANG_WARN_INT_CONVERSION = YES;
				CLANG_WARN_OBJC_ROOT_CLASS = YES_ERROR;
				CLANG_WARN_SUSPICIOUS_MOVES = YES;
				CLANG_WARN_UNREACHABLE_CODE = YES;
				CLANG_WARN__DUPLICATE_METHOD_MATCH = YES;
				"CODE_SIGN_IDENTITY[sdk=iphoneos*]" = "iPhone Developer";
				COPY_PHASE_STRIP = NO;
				DEBUG_INFORMATION_FORMAT = dwarf;
				ENABLE_STRICT_OBJC_MSGSEND = YES;
				ENABLE_TESTABILITY = YES;
				GCC_C_LANGUAGE_STANDARD = gnu99;
				GCC_DYNAMIC_NO_PIC = NO;
				GCC_NO_COMMON_BLOCKS = YES;
				GCC_OPTIMIZATION_LEVEL = 0;
				GCC_PREPROCESSOR_DEFINITIONS = (
					"DEBUG=1",
					"$(inherited)",
				);
				GCC_WARN_64_TO_32_BIT_CONVERSION = YES;
				GCC_WARN_ABOUT_RETURN_TYPE = YES_ERROR;
				GCC_WARN_UNDECLARED_SELECTOR = YES;
				GCC_WARN_UNINITIALIZED_AUTOS = YES_AGGRESSIVE;
				GCC_WARN_UNUSED_FUNCTION = YES;
				GCC_WARN_UNUSED_VARIABLE = YES;
				IPHONEOS_DEPLOYMENT_TARGET = 10.1;
				MTL_ENABLE_DEBUG_INFO = YES;
				ONLY_ACTIVE_ARCH = YES;
				SDKROOT = iphoneos;
				SWIFT_ACTIVE_COMPILATION_CONDITIONS = DEBUG;
				SWIFT_OPTIMIZATION_LEVEL = "-Onone";
				TARGETED_DEVICE_FAMILY = "1,2";
			};
			name = Debug;
		};
		C0BBDB2E1F67EE1A0067235C /* Release */ = {
			isa = XCBuildConfiguration;
			buildSettings = {
				ALWAYS_SEARCH_USER_PATHS = NO;
				CLANG_ANALYZER_NONNULL = YES;
				CLANG_CXX_LANGUAGE_STANDARD = "gnu++0x";
				CLANG_CXX_LIBRARY = "libc++";
				CLANG_ENABLE_MODULES = YES;
				CLANG_ENABLE_OBJC_ARC = YES;
				CLANG_WARN_BOOL_CONVERSION = YES;
				CLANG_WARN_CONSTANT_CONVERSION = YES;
				CLANG_WARN_DIRECT_OBJC_ISA_USAGE = YES_ERROR;
				CLANG_WARN_DOCUMENTATION_COMMENTS = YES;
				CLANG_WARN_EMPTY_BODY = YES;
				CLANG_WARN_ENUM_CONVERSION = YES;
				CLANG_WARN_INFINITE_RECURSION = YES;
				CLANG_WARN_INT_CONVERSION = YES;
				CLANG_WARN_OBJC_ROOT_CLASS = YES_ERROR;
				CLANG_WARN_SUSPICIOUS_MOVES = YES;
				CLANG_WARN_UNREACHABLE_CODE = YES;
				CLANG_WARN__DUPLICATE_METHOD_MATCH = YES;
				"CODE_SIGN_IDENTITY[sdk=iphoneos*]" = "iPhone Developer";
				COPY_PHASE_STRIP = NO;
				DEBUG_INFORMATION_FORMAT = "dwarf-with-dsym";
				ENABLE_NS_ASSERTIONS = NO;
				ENABLE_STRICT_OBJC_MSGSEND = YES;
				GCC_C_LANGUAGE_STANDARD = gnu99;
				GCC_NO_COMMON_BLOCKS = YES;
				GCC_WARN_64_TO_32_BIT_CONVERSION = YES;
				GCC_WARN_ABOUT_RETURN_TYPE = YES_ERROR;
				GCC_WARN_UNDECLARED_SELECTOR = YES;
				GCC_WARN_UNINITIALIZED_AUTOS = YES_AGGRESSIVE;
				GCC_WARN_UNUSED_FUNCTION = YES;
				GCC_WARN_UNUSED_VARIABLE = YES;
				IPHONEOS_DEPLOYMENT_TARGET = 10.1;
				MTL_ENABLE_DEBUG_INFO = NO;
				SDKROOT = iphoneos;
				SWIFT_OPTIMIZATION_LEVEL = "-Owholemodule";
				TARGETED_DEVICE_FAMILY = "1,2";
				VALIDATE_PRODUCT = YES;
			};
			name = Release;
		};
		C0BBDB301F67EE1A0067235C /* Debug */ = {
			isa = XCBuildConfiguration;
			buildSettings = {
				ASSETCATALOG_COMPILER_APPICON_NAME = AppIcon;
				INFOPLIST_FILE = "Party Rock App/Info.plist";
				LD_RUNPATH_SEARCH_PATHS = "$(inherited) @executable_path/Frameworks";
				PRODUCT_BUNDLE_IDENTIFIER = "com.TheEmeraldHunter.Party-Rock-App";
				PRODUCT_NAME = "$(TARGET_NAME)";
				SWIFT_VERSION = 3.0;
			};
			name = Debug;
		};
		C0BBDB311F67EE1A0067235C /* Release */ = {
			isa = XCBuildConfiguration;
			buildSettings = {
				ASSETCATALOG_COMPILER_APPICON_NAME = AppIcon;
				INFOPLIST_FILE = "Party Rock App/Info.plist";
				LD_RUNPATH_SEARCH_PATHS = "$(inherited) @executable_path/Frameworks";
				PRODUCT_BUNDLE_IDENTIFIER = "com.TheEmeraldHunter.Party-Rock-App";
				PRODUCT_NAME = "$(TARGET_NAME)";
				SWIFT_VERSION = 3.0;
			};
			name = Release;
		};
/* End XCBuildConfiguration section */

/* Begin XCConfigurationList section */
		C0BBDB181F67EE1A0067235C /* Build configuration list for PBXProject "Party Rock App" */ = {
			isa = XCConfigurationList;
			buildConfigurations = (
				C0BBDB2D1F67EE1A0067235C /* Debug */,
				C0BBDB2E1F67EE1A0067235C /* Release */,
			);
			defaultConfigurationIsVisible = 0;
			defaultConfigurationName = Release;
		};
		C0BBDB2F1F67EE1A0067235C /* Build configuration list for PBXNativeTarget "Party Rock App" */ = {
			isa = XCConfigurationList;
			buildConfigurations = (
				C0BBDB301F67EE1A0067235C /* Debug */,
				C0BBDB311F67EE1A0067235C /* Release */,
			);
			defaultConfigurationIsVisible = 0;
		};
/* End XCConfigurationList section */
	};
	rootObject = C0BBDB151F67EE1A0067235C /* Project object */;
}
